
Microsoft Visual Studio Solution File, Format Version 12.00
# Visual Studio 15
VisualStudioVersion = 15.0.28010.2026
MinimumVisualStudioVersion = 10.0.40219.1
Project("{FAE04EC0-301F-11D3-BF4B-00C04F79EFBC}") = "WebApiTest", "WebApiTest\WebApiTest.csproj", "{B33FC60F-9000-4CA6-9BAB-BA3351D75E70}"
EndProject
Global
	GlobalSection(SolutionConfigurationPlatforms) = preSolution
		Debug|Any CPU = Debug|Any CPU
		Release|Any CPU = Release|Any CPU
	EndGlobalSection
	GlobalSection(ProjectConfigurationPlatforms) = postSolution
		{B33FC60F-9000-4CA6-9BAB-BA3351D75E70}.Debug|Any CPU.ActiveCfg = Debug|Any CPU
		{B33FC60F-9000-4CA6-9BAB-BA3351D75E70}.Debug|Any CPU.Build.0 = Debug|Any CPU
		{B33FC60F-9000-4CA6-9BAB-BA3351D75E70}.Release|Any CPU.ActiveCfg = Release|Any CPU
		{B33FC60F-9000-4CA6-9BAB-BA3351D75E70}.Release|Any CPU.Build.0 = Release|Any CPU
	EndGlobalSection
	GlobalSection(SolutionProperties) = preSolution
		HideSolutionNode = FALSE
	EndGlobalSection
	GlobalSection(ExtensibilityGlobals) = postSolution
		SolutionGuid = {97DC8D82-EDAA-4CC4-A0C0-26098B81B8C3}
	EndGlobalSection
EndGlobal
